// !$*UTF8*$!
{
	archiveVersion = 1;
	classes = {
	};
	objectVersion = 56;
	objects = {

/* Begin PBXBuildFile section */
		DCAAD6DB2AAA47D800EAA0DF /* AppDelegate.swift in Sources */ = {isa = PBXBuildFile; fileRef = DCAAD6DA2AAA47D800EAA0DF /* AppDelegate.swift */; };
		DCAAD6DD2AAA47D800EAA0DF /* SceneDelegate.swift in Sources */ = {isa = PBXBuildFile; fileRef = DCAAD6DC2AAA47D800EAA0DF /* SceneDelegate.swift */; };
		DCAAD6DF2AAA47D800EAA0DF /* ViewController.swift in Sources */ = {isa = PBXBuildFile; fileRef = DCAAD6DE2AAA47D800EAA0DF /* ViewController.swift */; };
		DCAAD6E22AAA47D800EAA0DF /* Main.storyboard in Resources */ = {isa = PBXBuildFile; fileRef = DCAAD6E02AAA47D800EAA0DF /* Main.storyboard */; };
		DCAAD6E52AAA47D800EAA0DF /* TestProductPhoenix.xcdatamodeld in Sources */ = {isa = PBXBuildFile; fileRef = DCAAD6E32AAA47D800EAA0DF /* TestProductPhoenix.xcdatamodeld */; };
		DCAAD6E72AAA47D800EAA0DF /* Assets.xcassets in Resources */ = {isa = PBXBuildFile; fileRef = DCAAD6E62AAA47D800EAA0DF /* Assets.xcassets */; };
		DCAAD6EA2AAA47D800EAA0DF /* LaunchScreen.storyboard in Resources */ = {isa = PBXBuildFile; fileRef = DCAAD6E82AAA47D800EAA0DF /* LaunchScreen.storyboard */; };
/* End PBXBuildFile section */

/* Begin PBXFileReference section */
		DCAAD6D72AAA47D800EAA0DF /* TestProductPhoenix.app */ = {isa = PBXFileReference; explicitFileType = wrapper.application; includeInIndex = 0; path = TestProductPhoenix.app; sourceTree = BUILT_PRODUCTS_DIR; };
		DCAAD6DA2AAA47D800EAA0DF /* AppDelegate.swift */ = {isa = PBXFileReference; lastKnownFileType = sourcecode.swift; path = AppDelegate.swift; sourceTree = "<group>"; };
		DCAAD6DC2AAA47D800EAA0DF /* SceneDelegate.swift */ = {isa = PBXFileReference; lastKnownFileType = sourcecode.swift; path = SceneDelegate.swift; sourceTree = "<group>"; };
		DCAAD6DE2AAA47D800EAA0DF /* ViewController.swift */ = {isa = PBXFileReference; lastKnownFileType = sourcecode.swift; path = ViewController.swift; sourceTree = "<group>"; };
		DCAAD6E12AAA47D800EAA0DF /* Base */ = {isa = PBXFileReference; lastKnownFileType = file.storyboard; name = Base; path = Base.lproj/Main.storyboard; sourceTree = "<group>"; };
		DCAAD6E42AAA47D800EAA0DF /* TestProductPhoenix.xcdatamodel */ = {isa = PBXFileReference; lastKnownFileType = wrapper.xcdatamodel; path = TestProductPhoenix.xcdatamodel; sourceTree = "<group>"; };
		DCAAD6E62AAA47D800EAA0DF /* Assets.xcassets */ = {isa = PBXFileReference; lastKnownFileType = folder.assetcatalog; path = Assets.xcassets; sourceTree = "<group>"; };
		DCAAD6E92AAA47D800EAA0DF /* Base */ = {isa = PBXFileReference; lastKnownFileType = file.storyboard; name = Base; path = Base.lproj/LaunchScreen.storyboard; sourceTree = "<group>"; };
		DCAAD6EB2AAA47D800EAA0DF /* Info.plist */ = {isa = PBXFileReference; lastKnownFileType = text.plist.xml; path = Info.plist; sourceTree = "<group>"; };
/* End PBXFileReference section */

/* Begin PBXFrameworksBuildPhase section */
		DCAAD6D42AAA47D800EAA0DF /* Frameworks */ = {
			isa = PBXFrameworksBuildPhase;
			buildActionMask = 2147483647;
			files = (
			);
			runOnlyForDeploymentPostprocessing = 0;
		};
/* End PBXFrameworksBuildPhase section */

/* Begin PBXGroup section */
		DCAAD6CE2AAA47D700EAA0DF = {
			isa = PBXGroup;
			children = (
				DCAAD6D92AAA47D800EAA0DF /* TestProductPhoenix */,
				DCAAD6D82AAA47D800EAA0DF /* Products */,
			);
			sourceTree = "<group>";
		};
		DCAAD6D82AAA47D800EAA0DF /* Products */ = {
			isa = PBXGroup;
			children = (
				DCAAD6D72AAA47D800EAA0DF /* TestProductPhoenix.app */,
			);
			name = Products;
			sourceTree = "<group>";
		};
		DCAAD6D92AAA47D800EAA0DF /* TestProductPhoenix */ = {
			isa = PBXGroup;
			children = (
				DCAAD6DA2AAA47D800EAA0DF /* AppDelegate.swift */,
				DCAAD6DC2AAA47D800EAA0DF /* SceneDelegate.swift */,
				DCAAD6DE2AAA47D800EAA0DF /* ViewController.swift */,
				DCAAD6E02AAA47D800EAA0DF /* Main.storyboard */,
				DCAAD6E62AAA47D800EAA0DF /* Assets.xcassets */,
				DCAAD6E82AAA47D800EAA0DF /* LaunchScreen.storyboard */,
				DCAAD6EB2AAA47D800EAA0DF /* Info.plist */,
				DCAAD6E32AAA47D800EAA0DF /* TestProductPhoenix.xcdatamodeld */,
			);
			path = TestProductPhoenix;
			sourceTree = "<group>";
		};
/* End PBXGroup section */

/* Begin PBXNativeTarget section */
		DCAAD6D62AAA47D800EAA0DF /* TestProductPhoenix */ = {
			isa = PBXNativeTarget;
			buildConfigurationList = DCAAD6EE2AAA47D800EAA0DF /* Build configuration list for PBXNativeTarget "TestProductPhoenix" */;
			buildPhases = (
				DCAAD6D32AAA47D800EAA0DF /* Sources */,
				DCAAD6D42AAA47D800EAA0DF /* Frameworks */,
				DCAAD6D52AAA47D800EAA0DF /* Resources */,
			);
			buildRules = (
			);
			dependencies = (
			);
			name = TestProductPhoenix;
			productName = TestProductPhoenix;
			productReference = DCAAD6D72AAA47D800EAA0DF /* TestProductPhoenix.app */;
			productType = "com.apple.product-type.application";
		};
/* End PBXNativeTarget section */

/* Begin PBXProject section */
		DCAAD6CF2AAA47D700EAA0DF /* Project object */ = {
			isa = PBXProject;
			attributes = {
				BuildIndependentTargetsInParallel = 1;
				LastSwiftUpdateCheck = 1430;
				LastUpgradeCheck = 1430;
				TargetAttributes = {
					DCAAD6D62AAA47D800EAA0DF = {
						CreatedOnToolsVersion = 14.3.1;
					};
				};
			};
			buildConfigurationList = DCAAD6D22AAA47D700EAA0DF /* Build configuration list for PBXProject "TestProductPhoenix" */;
			compatibilityVersion = "Xcode 14.0";
			developmentRegion = en;
			hasScannedForEncodings = 0;
			knownRegions = (
				en,
				Base,
			);
			mainGroup = DCAAD6CE2AAA47D700EAA0DF;
			productRefGroup = DCAAD6D82AAA47D800EAA0DF /* Products */;
			projectDirPath = "";
			projectRoot = "";
			targets = (
				DCAAD6D62AAA47D800EAA0DF /* TestProductPhoenix */,
			);
		};
/* End PBXProject section */

/* Begin PBXResourcesBuildPhase section */
		DCAAD6D52AAA47D800EAA0DF /* Resources */ = {
			isa = PBXResourcesBuildPhase;
			buildActionMask = 2147483647;
			files = (
				DCAAD6EA2AAA47D800EAA0DF /* LaunchScreen.storyboard in Resources */,
				DCAAD6E72AAA47D800EAA0DF /* Assets.xcassets in Resources */,
				DCAAD6E22AAA47D800EAA0DF /* Main.storyboard in Resources */,
			);
			runOnlyForDeploymentPostprocessing = 0;
		};
/* End PBXResourcesBuildPhase section */

/* Begin PBXSourcesBuildPhase section */
		DCAAD6D32AAA47D800EAA0DF /* Sources */ = {
			isa = PBXSourcesBuildPhase;
			buildActionMask = 2147483647;
			files = (
				DCAAD6DF2AAA47D800EAA0DF /* ViewController.swift in Sources */,
				DCAAD6DB2AAA47D800EAA0DF /* AppDelegate.swift in Sources */,
				DCAAD6DD2AAA47D800EAA0DF /* SceneDelegate.swift in Sources */,
				DCAAD6E52AAA47D800EAA0DF /* TestProductPhoenix.xcdatamodeld in Sources */,
			);
			runOnlyForDeploymentPostprocessing = 0;
		};
/* End PBXSourcesBuildPhase section */

/* Begin PBXVariantGroup section */
		DCAAD6E02AAA47D800EAA0DF /* Main.storyboard */ = {
			isa = PBXVariantGroup;
			children = (
				DCAAD6E12AAA47D800EAA0DF /* Base */,
			);
			name = Main.storyboard;
			sourceTree = "<group>";
		};
		DCAAD6E82AAA47D800EAA0DF /* LaunchScreen.storyboard */ = {
			isa = PBXVariantGroup;
			children = (
				DCAAD6E92AAA47D800EAA0DF /* Base */,
			);
			name = LaunchScreen.storyboard;
			sourceTree = "<group>";
		};
/* End PBXVariantGroup section */

/* Begin XCBuildConfiguration section */
		DCAAD6EC2AAA47D800EAA0DF /* Debug */ = {
			isa = XCBuildConfiguration;
			buildSettings = {
				ALWAYS_SEARCH_USER_PATHS = NO;
				CLANG_ANALYZER_NONNULL = YES;
				CLANG_ANALYZER_NUMBER_OBJECT_CONVERSION = YES_AGGRESSIVE;
				CLANG_CXX_LANGUAGE_STANDARD = "gnu++20";
				CLANG_ENABLE_MODULES = YES;
				CLANG_ENABLE_OBJC_ARC = YES;
				CLANG_ENABLE_OBJC_WEAK = YES;
				CLANG_WARN_BLOCK_CAPTURE_AUTORELEASING = YES;
				CLANG_WARN_BOOL_CONVERSION = YES;
				CLANG_WARN_COMMA = YES;
				CLANG_WARN_CONSTANT_CONVERSION = YES;
				CLANG_WARN_DEPRECATED_OBJC_IMPLEMENTATIONS = YES;
				CLANG_WARN_DIRECT_OBJC_ISA_USAGE = YES_ERROR;
				CLANG_WARN_DOCUMENTATION_COMMENTS = YES;
				CLANG_WARN_EMPTY_BODY = YES;
				CLANG_WARN_ENUM_CONVERSION = YES;
				CLANG_WARN_INFINITE_RECURSION = YES;
				CLANG_WARN_INT_CONVERSION = YES;
				CLANG_WARN_NON_LITERAL_NULL_CONVERSION = YES;
				CLANG_WARN_OBJC_IMPLICIT_RETAIN_SELF = YES;
				CLANG_WARN_OBJC_LITERAL_CONVERSION = YES;
				CLANG_WARN_OBJC_ROOT_CLASS = YES_ERROR;
				CLANG_WARN_QUOTED_INCLUDE_IN_FRAMEWORK_HEADER = YES;
				CLANG_WARN_RANGE_LOOP_ANALYSIS = YES;
				CLANG_WARN_STRICT_PROTOTYPES = YES;
				CLANG_WARN_SUSPICIOUS_MOVE = YES;
				CLANG_WARN_UNGUARDED_AVAILABILITY = YES_AGGRESSIVE;
				CLANG_WARN_UNREACHABLE_CODE = YES;
				CLANG_WARN__DUPLICATE_METHOD_MATCH = YES;
				COPY_PHASE_STRIP = NO;
				DEBUG_INFORMATION_FORMAT = dwarf;
				ENABLE_STRICT_OBJC_MSGSEND = YES;
				ENABLE_TESTABILITY = YES;
				GCC_C_LANGUAGE_STANDARD = gnu11;
				GCC_DYNAMIC_NO_PIC = NO;
				GCC_NO_COMMON_BLOCKS = YES;
				GCC_OPTIMIZATION_LEVEL = 0;
				GCC_PREPROCESSOR_DEFINITIONS = (
					"DEBUG=1",
					"$(inherited)",
				);
				GCC_WARN_64_TO_32_BIT_CONVERSION = YES;
				GCC_WARN_ABOUT_RETURN_TYPE = YES_ERROR;
				GCC_WARN_UNDECLARED_SELECTOR = YES;
				GCC_WARN_UNINITIALIZED_AUTOS = YES_AGGRESSIVE;
				GCC_WARN_UNUSED_FUNCTION = YES;
				GCC_WARN_UNUSED_VARIABLE = YES;
				IPHONEOS_DEPLOYMENT_TARGET = 16.4;
				MTL_ENABLE_DEBUG_INFO = INCLUDE_SOURCE;
				MTL_FAST_MATH = YES;
				ONLY_ACTIVE_ARCH = YES;
				SDKROOT = iphoneos;
				SWIFT_ACTIVE_COMPILATION_CONDITIONS = DEBUG;
				SWIFT_OPTIMIZATION_LEVEL = "-Onone";
			};
			name = Debug;
		};
		DCAAD6ED2AAA47D800EAA0DF /* Release */ = {
			isa = XCBuildConfiguration;
			buildSettings = {
				ALWAYS_SEARCH_USER_PATHS = NO;
				CLANG_ANALYZER_NONNULL = YES;
				CLANG_ANALYZER_NUMBER_OBJECT_CONVERSION = YES_AGGRESSIVE;
				CLANG_CXX_LANGUAGE_STANDARD = "gnu++20";
				CLANG_ENABLE_MODULES = YES;
				CLANG_ENABLE_OBJC_ARC = YES;
				CLANG_ENABLE_OBJC_WEAK = YES;
				CLANG_WARN_BLOCK_CAPTURE_AUTORELEASING = YES;
				CLANG_WARN_BOOL_CONVERSION = YES;
				CLANG_WARN_COMMA = YES;
				CLANG_WARN_CONSTANT_CONVERSION = YES;
				CLANG_WARN_DEPRECATED_OBJC_IMPLEMENTATIONS = YES;
				CLANG_WARN_DIRECT_OBJC_ISA_USAGE = YES_ERROR;
				CLANG_WARN_DOCUMENTATION_COMMENTS = YES;
				CLANG_WARN_EMPTY_BODY = YES;
				CLANG_WARN_ENUM_CONVERSION = YES;
				CLANG_WARN_INFINITE_RECURSION = YES;
				CLANG_WARN_INT_CONVERSION = YES;
				CLANG_WARN_NON_LITERAL_NULL_CONVERSION = YES;
				CLANG_WARN_OBJC_IMPLICIT_RETAIN_SELF = YES;
				CLANG_WARN_OBJC_LITERAL_CONVERSION = YES;
				CLANG_WARN_OBJC_ROOT_CLASS = YES_ERROR;
				CLANG_WARN_QUOTED_INCLUDE_IN_FRAMEWORK_HEADER = YES;
				CLANG_WARN_RANGE_LOOP_ANALYSIS = YES;
				CLANG_WARN_STRICT_PROTOTYPES = YES;
				CLANG_WARN_SUSPICIOUS_MOVE = YES;
				CLANG_WARN_UNGUARDED_AVAILABILITY = YES_AGGRESSIVE;
				CLANG_WARN_UNREACHABLE_CODE = YES;
				CLANG_WARN__DUPLICATE_METHOD_MATCH = YES;
				COPY_PHASE_STRIP = NO;
				DEBUG_INFORMATION_FORMAT = "dwarf-with-dsym";
				ENABLE_NS_ASSERTIONS = NO;
				ENABLE_STRICT_OBJC_MSGSEND = YES;
				GCC_C_LANGUAGE_STANDARD = gnu11;
				GCC_NO_COMMON_BLOCKS = YES;
				GCC_WARN_64_TO_32_BIT_CONVERSION = YES;
				GCC_WARN_ABOUT_RETURN_TYPE = YES_ERROR;
				GCC_WARN_UNDECLARED_SELECTOR = YES;
				GCC_WARN_UNINITIALIZED_AUTOS = YES_AGGRESSIVE;
				GCC_WARN_UNUSED_FUNCTION = YES;
				GCC_WARN_UNUSED_VARIABLE = YES;
				IPHONEOS_DEPLOYMENT_TARGET = 16.4;
				MTL_ENABLE_DEBUG_INFO = NO;
				MTL_FAST_MATH = YES;
				SDKROOT = iphoneos;
				SWIFT_COMPILATION_MODE = wholemodule;
				SWIFT_OPTIMIZATION_LEVEL = "-O";
				VALIDATE_PRODUCT = YES;
			};
			name = Release;
		};
		DCAAD6EF2AAA47D800EAA0DF /* Debug */ = {
			isa = XCBuildConfiguration;
			buildSettings = {
				ASSETCATALOG_COMPILER_APPICON_NAME = AppIcon;
				ASSETCATALOG_COMPILER_GLOBAL_ACCENT_COLOR_NAME = AccentColor;
				CODE_SIGN_STYLE = Automatic;
				CURRENT_PROJECT_VERSION = 1;
				DEVELOPMENT_TEAM = G4C3VCJCU3;
				GENERATE_INFOPLIST_FILE = YES;
				INFOPLIST_FILE = TestProductPhoenix/Info.plist;
				INFOPLIST_KEY_UIApplicationSupportsIndirectInputEvents = YES;
				INFOPLIST_KEY_UILaunchStoryboardName = LaunchScreen;
				INFOPLIST_KEY_UIMainStoryboardFile = Main;
				INFOPLIST_KEY_UISupportedInterfaceOrientations_iPad = "UIInterfaceOrientationPortrait UIInterfaceOrientationPortraitUpsideDown UIInterfaceOrientationLandscapeLeft UIInterfaceOrientationLandscapeRight";
				INFOPLIST_KEY_UISupportedInterfaceOrientations_iPhone = "UIInterfaceOrientationPortrait UIInterfaceOrientationLandscapeLeft UIInterfaceOrientationLandscapeRight";
				LD_RUNPATH_SEARCH_PATHS = (
					"$(inherited)",
					"@executable_path/Frameworks",
				);
				MARKETING_VERSION = 1.0;
				PRODUCT_BUNDLE_IDENTIFIER = com.AyushBhople.TestProductPhoenix;
				PRODUCT_NAME = "$(TARGET_NAME)";
				SWIFT_EMIT_LOC_STRINGS = YES;
				SWIFT_VERSION = 5.0;
				TARGETED_DEVICE_FAMILY = "1,2";
			};
			name = Debug;
		};
		DCAAD6F02AAA47D800EAA0DF /* Release */ = {
			isa = XCBuildConfiguration;
			buildSettings = {
				ASSETCATALOG_COMPILER_APPICON_NAME = AppIcon;
				ASSETCATALOG_COMPILER_GLOBAL_ACCENT_COLOR_NAME = AccentColor;
				CODE_SIGN_STYLE = Automatic;
				CURRENT_PROJECT_VERSION = 1;
				DEVELOPMENT_TEAM = G4C3VCJCU3;
				GENERATE_INFOPLIST_FILE = YES;
				INFOPLIST_FILE = TestProductPhoenix/Info.plist;
				INFOPLIST_KEY_UIApplicationSupportsIndirectInputEvents = YES;
				INFOPLIST_KEY_UILaunchStoryboardName = LaunchScreen;
				INFOPLIST_KEY_UIMainStoryboardFile = Main;
				INFOPLIST_KEY_UISupportedInterfaceOrientations_iPad = "UIInterfaceOrientationPortrait UIInterfaceOrientationPortraitUpsideDown UIInterfaceOrientationLandscapeLeft UIInterfaceOrientationLandscapeRight";
				INFOPLIST_KEY_UISupportedInterfaceOrientations_iPhone = "UIInterfaceOrientationPortrait UIInterfaceOrientationLandscapeLeft UIInterfaceOrientationLandscapeRight";
				LD_RUNPATH_SEARCH_PATHS = (
					"$(inherited)",
					"@executable_path/Frameworks",
				);
				MARKETING_VERSION = 1.0;
				PRODUCT_BUNDLE_IDENTIFIER = com.AyushBhople.TestProductPhoenix;
				PRODUCT_NAME = "$(TARGET_NAME)";
				SWIFT_EMIT_LOC_STRINGS = YES;
				SWIFT_VERSION = 5.0;
				TARGETED_DEVICE_FAMILY = "1,2";
			};
			name = Release;
		};
/* End XCBuildConfiguration section */

/* Begin XCConfigurationList section */
		DCAAD6D22AAA47D700EAA0DF /* Build configuration list for PBXProject "TestProductPhoenix" */ = {
			isa = XCConfigurationList;
			buildConfigurations = (
				DCAAD6EC2AAA47D800EAA0DF /* Debug */,
				DCAAD6ED2AAA47D800EAA0DF /* Release */,
			);
			defaultConfigurationIsVisible = 0;
			defaultConfigurationName = Release;
		};
		DCAAD6EE2AAA47D800EAA0DF /* Build configuration list for PBXNativeTarget "TestProductPhoenix" */ = {
			isa = XCConfigurationList;
			buildConfigurations = (
				DCAAD6EF2AAA47D800EAA0DF /* Debug */,
				DCAAD6F02AAA47D800EAA0DF /* Release */,
			);
			defaultConfigurationIsVisible = 0;
			defaultConfigurationName = Release;
		};
/* End XCConfigurationList section */

/* Begin XCVersionGroup section */
		DCAAD6E32AAA47D800EAA0DF /* TestProductPhoenix.xcdatamodeld */ = {
			isa = XCVersionGroup;
			children = (
				DCAAD6E42AAA47D800EAA0DF /* TestProductPhoenix.xcdatamodel */,
			);
			currentVersion = DCAAD6E42AAA47D800EAA0DF /* TestProductPhoenix.xcdatamodel */;
			path = TestProductPhoenix.xcdatamodeld;
			sourceTree = "<group>";
			versionGroupType = wrapper.xcdatamodel;
		};
/* End XCVersionGroup section */
	};
	rootObject = DCAAD6CF2AAA47D700EAA0DF /* Project object */;
}
